// !$*UTF8*$!
{
	archiveVersion = 1;
	classes = {
	};
	objectVersion = 56;
	objects = {

/* Begin PBXBuildFile section */
		E8D65DB42BE3D72A0077585C /* OutlinerFile.h in Headers */ = {isa = PBXBuildFile; fileRef = E8D65DB32BE3D72A0077585C /* OutlinerFile.h */; settings = {ATTRIBUTES = (Public, ); }; };
		E8D65DBB2BE3D75A0077585C /* OpmlFile.swift in Sources */ = {isa = PBXBuildFile; fileRef = E8D65DBA2BE3D75A0077585C /* OpmlFile.swift */; };
		E8D65DBD2BE3D7C50077585C /* NodeHelpers.swift in Sources */ = {isa = PBXBuildFile; fileRef = E8D65DBC2BE3D7C50077585C /* NodeHelpers.swift */; };
		E8D65DBF2BE3D8110077585C /* OutlineBody.swift in Sources */ = {isa = PBXBuildFile; fileRef = E8D65DBE2BE3D8110077585C /* OutlineBody.swift */; };
		E8D65DC12BE3D8670077585C /* OutlineHeader.swift in Sources */ = {isa = PBXBuildFile; fileRef = E8D65DC02BE3D8670077585C /* OutlineHeader.swift */; };
		E8D65DC32BE3D8A70077585C /* OutlineItem.swift in Sources */ = {isa = PBXBuildFile; fileRef = E8D65DC22BE3D8A70077585C /* OutlineItem.swift */; };
		E8D65DD42BE3DBEE0077585C /* Notifications.swift in Sources */ = {isa = PBXBuildFile; fileRef = E8D65DD32BE3DBEE0077585C /* Notifications.swift */; };
/* End PBXBuildFile section */

/* Begin PBXFileReference section */
		E8D65DB02BE3D72A0077585C /* OutlinerFile.framework */ = {isa = PBXFileReference; explicitFileType = wrapper.framework; includeInIndex = 0; path = OutlinerFile.framework; sourceTree = BUILT_PRODUCTS_DIR; };
		E8D65DB32BE3D72A0077585C /* OutlinerFile.h */ = {isa = PBXFileReference; lastKnownFileType = sourcecode.c.h; path = OutlinerFile.h; sourceTree = "<group>"; };
		E8D65DBA2BE3D75A0077585C /* OpmlFile.swift */ = {isa = PBXFileReference; lastKnownFileType = sourcecode.swift; path = OpmlFile.swift; sourceTree = "<group>"; };
		E8D65DBC2BE3D7C50077585C /* NodeHelpers.swift */ = {isa = PBXFileReference; lastKnownFileType = sourcecode.swift; path = NodeHelpers.swift; sourceTree = "<group>"; };
		E8D65DBE2BE3D8110077585C /* OutlineBody.swift */ = {isa = PBXFileReference; lastKnownFileType = sourcecode.swift; path = OutlineBody.swift; sourceTree = "<group>"; };
		E8D65DC02BE3D8670077585C /* OutlineHeader.swift */ = {isa = PBXFileReference; lastKnownFileType = sourcecode.swift; path = OutlineHeader.swift; sourceTree = "<group>"; };
		E8D65DC22BE3D8A70077585C /* OutlineItem.swift */ = {isa = PBXFileReference; lastKnownFileType = sourcecode.swift; path = OutlineItem.swift; sourceTree = "<group>"; };
		E8D65DD32BE3DBEE0077585C /* Notifications.swift */ = {isa = PBXFileReference; lastKnownFileType = sourcecode.swift; path = Notifications.swift; sourceTree = "<group>"; };
/* End PBXFileReference section */

/* Begin PBXFrameworksBuildPhase section */
		E8D65DAD2BE3D72A0077585C /* Frameworks */ = {
			isa = PBXFrameworksBuildPhase;
			buildActionMask = 2147483647;
			files = (
			);
			runOnlyForDeploymentPostprocessing = 0;
		};
/* End PBXFrameworksBuildPhase section */

/* Begin PBXGroup section */
		E8D65DA62BE3D72A0077585C = {
			isa = PBXGroup;
			children = (
				E8D65DB22BE3D72A0077585C /* OutlinerFile */,
				E8D65DB12BE3D72A0077585C /* Products */,
			);
			sourceTree = "<group>";
		};
		E8D65DB12BE3D72A0077585C /* Products */ = {
			isa = PBXGroup;
			children = (
				E8D65DB02BE3D72A0077585C /* OutlinerFile.framework */,
			);
			name = Products;
			sourceTree = "<group>";
		};
		E8D65DB22BE3D72A0077585C /* OutlinerFile */ = {
			isa = PBXGroup;
			children = (
				E8D65DB32BE3D72A0077585C /* OutlinerFile.h */,
				E8D65DBA2BE3D75A0077585C /* OpmlFile.swift */,
				E8D65DBC2BE3D7C50077585C /* NodeHelpers.swift */,
				E8D65DBE2BE3D8110077585C /* OutlineBody.swift */,
				E8D65DC02BE3D8670077585C /* OutlineHeader.swift */,
				E8D65DC22BE3D8A70077585C /* OutlineItem.swift */,
				E8D65DD32BE3DBEE0077585C /* Notifications.swift */,
			);
			path = OutlinerFile;
			sourceTree = "<group>";
		};
/* End PBXGroup section */

/* Begin PBXHeadersBuildPhase section */
		E8D65DAB2BE3D72A0077585C /* Headers */ = {
			isa = PBXHeadersBuildPhase;
			buildActionMask = 2147483647;
			files = (
				E8D65DB42BE3D72A0077585C /* OutlinerFile.h in Headers */,
			);
			runOnlyForDeploymentPostprocessing = 0;
		};
/* End PBXHeadersBuildPhase section */

/* Begin PBXNativeTarget section */
		E8D65DAF2BE3D72A0077585C /* OutlinerFile */ = {
			isa = PBXNativeTarget;
			buildConfigurationList = E8D65DB72BE3D72A0077585C /* Build configuration list for PBXNativeTarget "OutlinerFile" */;
			buildPhases = (
				E8D65DAB2BE3D72A0077585C /* Headers */,
				E8D65DAC2BE3D72A0077585C /* Sources */,
				E8D65DAD2BE3D72A0077585C /* Frameworks */,
				E8D65DAE2BE3D72A0077585C /* Resources */,
			);
			buildRules = (
			);
			dependencies = (
			);
			name = OutlinerFile;
			productName = OutlinerFile;
			productReference = E8D65DB02BE3D72A0077585C /* OutlinerFile.framework */;
			productType = "com.apple.product-type.framework";
		};
/* End PBXNativeTarget section */

/* Begin PBXProject section */
		E8D65DA72BE3D72A0077585C /* Project object */ = {
			isa = PBXProject;
			attributes = {
				BuildIndependentTargetsInParallel = 1;
				LastUpgradeCheck = 1530;
				TargetAttributes = {
					E8D65DAF2BE3D72A0077585C = {
						CreatedOnToolsVersion = 15.3;
						LastSwiftMigration = 1530;
					};
				};
			};
			buildConfigurationList = E8D65DAA2BE3D72A0077585C /* Build configuration list for PBXProject "OutlinerFile" */;
			compatibilityVersion = "Xcode 14.0";
			developmentRegion = en;
			hasScannedForEncodings = 0;
			knownRegions = (
				en,
				Base,
			);
			mainGroup = E8D65DA62BE3D72A0077585C;
			productRefGroup = E8D65DB12BE3D72A0077585C /* Products */;
			projectDirPath = "";
			projectRoot = "";
			targets = (
				E8D65DAF2BE3D72A0077585C /* OutlinerFile */,
			);
		};
/* End PBXProject section */

/* Begin PBXResourcesBuildPhase section */
		E8D65DAE2BE3D72A0077585C /* Resources */ = {
			isa = PBXResourcesBuildPhase;
			buildActionMask = 2147483647;
			files = (
			);
			runOnlyForDeploymentPostprocessing = 0;
		};
/* End PBXResourcesBuildPhase section */

/* Begin PBXSourcesBuildPhase section */
		E8D65DAC2BE3D72A0077585C /* Sources */ = {
			isa = PBXSourcesBuildPhase;
			buildActionMask = 2147483647;
			files = (
				E8D65DD42BE3DBEE0077585C /* Notifications.swift in Sources */,
				E8D65DBF2BE3D8110077585C /* OutlineBody.swift in Sources */,
				E8D65DBB2BE3D75A0077585C /* OpmlFile.swift in Sources */,
				E8D65DBD2BE3D7C50077585C /* NodeHelpers.swift in Sources */,
				E8D65DC12BE3D8670077585C /* OutlineHeader.swift in Sources */,
				E8D65DC32BE3D8A70077585C /* OutlineItem.swift in Sources */,
			);
			runOnlyForDeploymentPostprocessing = 0;
		};
/* End PBXSourcesBuildPhase section */

/* Begin XCBuildConfiguration section */
		E8D65DB52BE3D72A0077585C /* Debug */ = {
			isa = XCBuildConfiguration;
			buildSettings = {
				ALWAYS_SEARCH_USER_PATHS = NO;
				ASSETCATALOG_COMPILER_GENERATE_SWIFT_ASSET_SYMBOL_EXTENSIONS = YES;
				CLANG_ANALYZER_NONNULL = YES;
				CLANG_ANALYZER_NUMBER_OBJECT_CONVERSION = YES_AGGRESSIVE;
				CLANG_CXX_LANGUAGE_STANDARD = "gnu++20";
				CLANG_ENABLE_MODULES = YES;
				CLANG_ENABLE_OBJC_ARC = YES;
				CLANG_ENABLE_OBJC_WEAK = YES;
				CLANG_WARN_BLOCK_CAPTURE_AUTORELEASING = YES;
				CLANG_WARN_BOOL_CONVERSION = YES;
				CLANG_WARN_COMMA = YES;
				CLANG_WARN_CONSTANT_CONVERSION = YES;
				CLANG_WARN_DEPRECATED_OBJC_IMPLEMENTATIONS = YES;
				CLANG_WARN_DIRECT_OBJC_ISA_USAGE = YES_ERROR;
				CLANG_WARN_DOCUMENTATION_COMMENTS = YES;
				CLANG_WARN_EMPTY_BODY = YES;
				CLANG_WARN_ENUM_CONVERSION = YES;
				CLANG_WARN_INFINITE_RECURSION = YES;
				CLANG_WARN_INT_CONVERSION = YES;
				CLANG_WARN_NON_LITERAL_NULL_CONVERSION = YES;
				CLANG_WARN_OBJC_IMPLICIT_RETAIN_SELF = YES;
				CLANG_WARN_OBJC_LITERAL_CONVERSION = YES;
				CLANG_WARN_OBJC_ROOT_CLASS = YES_ERROR;
				CLANG_WARN_QUOTED_INCLUDE_IN_FRAMEWORK_HEADER = YES;
				CLANG_WARN_RANGE_LOOP_ANALYSIS = YES;
				CLANG_WARN_STRICT_PROTOTYPES = YES;
				CLANG_WARN_SUSPICIOUS_MOVE = YES;
				CLANG_WARN_UNGUARDED_AVAILABILITY = YES_AGGRESSIVE;
				CLANG_WARN_UNREACHABLE_CODE = YES;
				CLANG_WARN__DUPLICATE_METHOD_MATCH = YES;
				COPY_PHASE_STRIP = NO;
				CURRENT_PROJECT_VERSION = 1;
				DEBUG_INFORMATION_FORMAT = dwarf;
				ENABLE_STRICT_OBJC_MSGSEND = YES;
				ENABLE_TESTABILITY = YES;
				ENABLE_USER_SCRIPT_SANDBOXING = YES;
				GCC_C_LANGUAGE_STANDARD = gnu17;
				GCC_DYNAMIC_NO_PIC = NO;
				GCC_NO_COMMON_BLOCKS = YES;
				GCC_OPTIMIZATION_LEVEL = 0;
				GCC_PREPROCESSOR_DEFINITIONS = (
					"DEBUG=1",
					"$(inherited)",
				);
				GCC_WARN_64_TO_32_BIT_CONVERSION = YES;
				GCC_WARN_ABOUT_RETURN_TYPE = YES_ERROR;
				GCC_WARN_UNDECLARED_SELECTOR = YES;
				GCC_WARN_UNINITIALIZED_AUTOS = YES_AGGRESSIVE;
				GCC_WARN_UNUSED_FUNCTION = YES;
				GCC_WARN_UNUSED_VARIABLE = YES;
				LOCALIZATION_PREFERS_STRING_CATALOGS = YES;
				MACOSX_DEPLOYMENT_TARGET = 14.4;
				MTL_ENABLE_DEBUG_INFO = INCLUDE_SOURCE;
				MTL_FAST_MATH = YES;
				ONLY_ACTIVE_ARCH = YES;
				SDKROOT = macosx;
				SWIFT_ACTIVE_COMPILATION_CONDITIONS = "DEBUG $(inherited)";
				SWIFT_OPTIMIZATION_LEVEL = "-Onone";
				VERSIONING_SYSTEM = "apple-generic";
				VERSION_INFO_PREFIX = "";
			};
			name = Debug;
		};
		E8D65DB62BE3D72A0077585C /* Release */ = {
			isa = XCBuildConfiguration;
			buildSettings = {
				ALWAYS_SEARCH_USER_PATHS = NO;
				ASSETCATALOG_COMPILER_GENERATE_SWIFT_ASSET_SYMBOL_EXTENSIONS = YES;
				CLANG_ANALYZER_NONNULL = YES;
				CLANG_ANALYZER_NUMBER_OBJECT_CONVERSION = YES_AGGRESSIVE;
				CLANG_CXX_LANGUAGE_STANDARD = "gnu++20";
				CLANG_ENABLE_MODULES = YES;
				CLANG_ENABLE_OBJC_ARC = YES;
				CLANG_ENABLE_OBJC_WEAK = YES;
				CLANG_WARN_BLOCK_CAPTURE_AUTORELEASING = YES;
				CLANG_WARN_BOOL_CONVERSION = YES;
				CLANG_WARN_COMMA = YES;
				CLANG_WARN_CONSTANT_CONVERSION = YES;
				CLANG_WARN_DEPRECATED_OBJC_IMPLEMENTATIONS = YES;
				CLANG_WARN_DIRECT_OBJC_ISA_USAGE = YES_ERROR;
				CLANG_WARN_DOCUMENTATION_COMMENTS = YES;
				CLANG_WARN_EMPTY_BODY = YES;
				CLANG_WARN_ENUM_CONVERSION = YES;
				CLANG_WARN_INFINITE_RECURSION = YES;
				CLANG_WARN_INT_CONVERSION = YES;
				CLANG_WARN_NON_LITERAL_NULL_CONVERSION = YES;
				CLANG_WARN_OBJC_IMPLICIT_RETAIN_SELF = YES;
				CLANG_WARN_OBJC_LITERAL_CONVERSION = YES;
				CLANG_WARN_OBJC_ROOT_CLASS = YES_ERROR;
				CLANG_WARN_QUOTED_INCLUDE_IN_FRAMEWORK_HEADER = YES;
				CLANG_WARN_RANGE_LOOP_ANALYSIS = YES;
				CLANG_WARN_STRICT_PROTOTYPES = YES;
				CLANG_WARN_SUSPICIOUS_MOVE = YES;
				CLANG_WARN_UNGUARDED_AVAILABILITY = YES_AGGRESSIVE;
				CLANG_WARN_UNREACHABLE_CODE = YES;
				CLANG_WARN__DUPLICATE_METHOD_MATCH = YES;
				COPY_PHASE_STRIP = NO;
				CURRENT_PROJECT_VERSION = 1;
				DEBUG_INFORMATION_FORMAT = "dwarf-with-dsym";
				ENABLE_NS_ASSERTIONS = NO;
				ENABLE_STRICT_OBJC_MSGSEND = YES;
				ENABLE_USER_SCRIPT_SANDBOXING = YES;
				GCC_C_LANGUAGE_STANDARD = gnu17;
				GCC_NO_COMMON_BLOCKS = YES;
				GCC_WARN_64_TO_32_BIT_CONVERSION = YES;
				GCC_WARN_ABOUT_RETURN_TYPE = YES_ERROR;
				GCC_WARN_UNDECLARED_SELECTOR = YES;
				GCC_WARN_UNINITIALIZED_AUTOS = YES_AGGRESSIVE;
				GCC_WARN_UNUSED_FUNCTION = YES;
				GCC_WARN_UNUSED_VARIABLE = YES;
				LOCALIZATION_PREFERS_STRING_CATALOGS = YES;
				MACOSX_DEPLOYMENT_TARGET = 14.4;
				MTL_ENABLE_DEBUG_INFO = NO;
				MTL_FAST_MATH = YES;
				SDKROOT = macosx;
				SWIFT_COMPILATION_MODE = wholemodule;
				VERSIONING_SYSTEM = "apple-generic";
				VERSION_INFO_PREFIX = "";
			};
			name = Release;
		};
		E8D65DB82BE3D72A0077585C /* Debug */ = {
			isa = XCBuildConfiguration;
			buildSettings = {
				BUILD_LIBRARY_FOR_DISTRIBUTION = YES;
				CLANG_ENABLE_MODULES = YES;
				CODE_SIGN_STYLE = Automatic;
				COMBINE_HIDPI_IMAGES = YES;
				CURRENT_PROJECT_VERSION = 1;
				DEFINES_MODULE = YES;
				DEVELOPMENT_TEAM = MH62Y8D74P;
				DYLIB_COMPATIBILITY_VERSION = 1;
				DYLIB_CURRENT_VERSION = 1;
				DYLIB_INSTALL_NAME_BASE = "@rpath";
				ENABLE_MODULE_VERIFIER = YES;
				GENERATE_INFOPLIST_FILE = YES;
				INFOPLIST_KEY_NSHumanReadableCopyright = "";
				INSTALL_PATH = "$(LOCAL_LIBRARY_DIR)/Frameworks";
				LD_RUNPATH_SEARCH_PATHS = (
					"$(inherited)",
					"@executable_path/../Frameworks",
					"@loader_path/Frameworks",
				);
				MACOSX_DEPLOYMENT_TARGET = 14.0;
				MARKETING_VERSION = 1.0;
				MODULE_VERIFIER_SUPPORTED_LANGUAGES = "objective-c objective-c++";
				MODULE_VERIFIER_SUPPORTED_LANGUAGE_STANDARDS = "gnu17 gnu++20";
				PRODUCT_BUNDLE_IDENTIFIER = uk.co.sabarnett.OutlinerFile;
				PRODUCT_NAME = "$(TARGET_NAME:c99extidentifier)";
				SKIP_INSTALL = YES;
				SWIFT_EMIT_LOC_STRINGS = YES;
				SWIFT_INSTALL_OBJC_HEADER = NO;
				SWIFT_OPTIMIZATION_LEVEL = "-Onone";
				SWIFT_VERSION = 5.0;
			};
			name = Debug;
		};
		E8D65DB92BE3D72A0077585C /* Release */ = {
			isa = XCBuildConfiguration;
			buildSettings = {
				BUILD_LIBRARY_FOR_DISTRIBUTION = YES;
				CLANG_ENABLE_MODULES = YES;
				CODE_SIGN_STYLE = Automatic;
				COMBINE_HIDPI_IMAGES = YES;
				CURRENT_PROJECT_VERSION = 1;
				DEFINES_MODULE = YES;
				DEVELOPMENT_TEAM = MH62Y8D74P;
				DYLIB_COMPATIBILITY_VERSION = 1;
				DYLIB_CURRENT_VERSION = 1;
				DYLIB_INSTALL_NAME_BASE = "@rpath";
				ENABLE_MODULE_VERIFIER = YES;
				GENERATE_INFOPLIST_FILE = YES;
				INFOPLIST_KEY_NSHumanReadableCopyright = "";
				INSTALL_PATH = "$(LOCAL_LIBRARY_DIR)/Frameworks";
				LD_RUNPATH_SEARCH_PATHS = (
					"$(inherited)",
					"@executable_path/../Frameworks",
					"@loader_path/Frameworks",
				);
				MACOSX_DEPLOYMENT_TARGET = 14.0;
				MARKETING_VERSION = 1.0;
				MODULE_VERIFIER_SUPPORTED_LANGUAGES = "objective-c objective-c++";
				MODULE_VERIFIER_SUPPORTED_LANGUAGE_STANDARDS = "gnu17 gnu++20";
				PRODUCT_BUNDLE_IDENTIFIER = uk.co.sabarnett.OutlinerFile;
				PRODUCT_NAME = "$(TARGET_NAME:c99extidentifier)";
				SKIP_INSTALL = YES;
				SWIFT_EMIT_LOC_STRINGS = YES;
				SWIFT_INSTALL_OBJC_HEADER = NO;
				SWIFT_VERSION = 5.0;
			};
			name = Release;
		};
/* End XCBuildConfiguration section */

/* Begin XCConfigurationList section */
		E8D65DAA2BE3D72A0077585C /* Build configuration list for PBXProject "OutlinerFile" */ = {
			isa = XCConfigurationList;
			buildConfigurations = (
				E8D65DB52BE3D72A0077585C /* Debug */,
				E8D65DB62BE3D72A0077585C /* Release */,
			);
			defaultConfigurationIsVisible = 0;
			defaultConfigurationName = Release;
		};
		E8D65DB72BE3D72A0077585C /* Build configuration list for PBXNativeTarget "OutlinerFile" */ = {
			isa = XCConfigurationList;
			buildConfigurations = (
				E8D65DB82BE3D72A0077585C /* Debug */,
				E8D65DB92BE3D72A0077585C /* Release */,
			);
			defaultConfigurationIsVisible = 0;
			defaultConfigurationName = Release;
		};
/* End XCConfigurationList section */
	};
	rootObject = E8D65DA72BE3D72A0077585C /* Project object */;
}
