// !$*UTF8*$!
{
	archiveVersion = 1;
	classes = {
	};
	objectVersion = 56;
	objects = {

/* Begin PBXBuildFile section */
		E8BB02B72BE045DA00C9AF68 /* SplitEnums.swift in Sources */ = {isa = PBXBuildFile; fileRef = E8BB02B62BE045DA00C9AF68 /* SplitEnums.swift */; };
		E8BB02B92BE045FF00C9AF68 /* SplitHolders.swift in Sources */ = {isa = PBXBuildFile; fileRef = E8BB02B82BE045FF00C9AF68 /* SplitHolders.swift */; };
		E8BB02BB2BE0461F00C9AF68 /* SplitStyling.swift in Sources */ = {isa = PBXBuildFile; fileRef = E8BB02BA2BE0461F00C9AF68 /* SplitStyling.swift */; };
		E8BB02BD2BE0463F00C9AF68 /* Splitter.swift in Sources */ = {isa = PBXBuildFile; fileRef = E8BB02BC2BE0463F00C9AF68 /* Splitter.swift */; };
		E8BB02BF2BE0465F00C9AF68 /* Splitter+Extensions.swift in Sources */ = {isa = PBXBuildFile; fileRef = E8BB02BE2BE0465F00C9AF68 /* Splitter+Extensions.swift */; };
		E8BB02C12BE0467D00C9AF68 /* SplitViewModifiers.swift in Sources */ = {isa = PBXBuildFile; fileRef = E8BB02C02BE0467D00C9AF68 /* SplitViewModifiers.swift */; };
		E8BB02C32BE0469400C9AF68 /* VSplit.swift in Sources */ = {isa = PBXBuildFile; fileRef = E8BB02C22BE0469400C9AF68 /* VSplit.swift */; };
		E8D357AC2BE01E6A00B6F5F7 /* HSplit.swift in Sources */ = {isa = PBXBuildFile; fileRef = E8D357AB2BE01E6A00B6F5F7 /* HSplit.swift */; };
		E8D357AE2BE01E9100B6F5F7 /* Split.swift in Sources */ = {isa = PBXBuildFile; fileRef = E8D357AD2BE01E9100B6F5F7 /* Split.swift */; };
		E8D357B02BE01EB200B6F5F7 /* SplitConstraints.swift in Sources */ = {isa = PBXBuildFile; fileRef = E8D357AF2BE01EB200B6F5F7 /* SplitConstraints.swift */; };
		E8DFDB9F2BDFEDF500D5FD44 /* OutlinerViews.docc in Sources */ = {isa = PBXBuildFile; fileRef = E8DFDB9E2BDFEDF500D5FD44 /* OutlinerViews.docc */; };
		E8DFDBA02BDFEDF500D5FD44 /* OutlinerViews.h in Headers */ = {isa = PBXBuildFile; fileRef = E8DFDB9D2BDFEDF500D5FD44 /* OutlinerViews.h */; settings = {ATTRIBUTES = (Public, ); }; };
		E8DFDBAD2BDFEE6900D5FD44 /* PopupNotificationCentre.swift in Sources */ = {isa = PBXBuildFile; fileRef = E8DFDBAC2BDFEE6900D5FD44 /* PopupNotificationCentre.swift */; };
		E8DFDBAF2BDFEE7C00D5FD44 /* BHBezelNotification.swift in Sources */ = {isa = PBXBuildFile; fileRef = E8DFDBAE2BDFEE7C00D5FD44 /* BHBezelNotification.swift */; };
		E8F0E6532BE290A900496461 /* HTMLView.swift in Sources */ = {isa = PBXBuildFile; fileRef = E8F0E6522BE290A900496461 /* HTMLView.swift */; };
		E8F0E6552BE291EA00496461 /* HilightedTextView.swift in Sources */ = {isa = PBXBuildFile; fileRef = E8F0E6542BE291EA00496461 /* HilightedTextView.swift */; };
		E8F0E6582BE2923300496461 /* StringProtocol+Extension.swift in Sources */ = {isa = PBXBuildFile; fileRef = E8F0E6572BE2923300496461 /* StringProtocol+Extension.swift */; };
		E8F0E65B2BE292F300496461 /* HostingWindowFinder.swift in Sources */ = {isa = PBXBuildFile; fileRef = E8F0E65A2BE292F300496461 /* HostingWindowFinder.swift */; };
		E8F0E65E2BE2937800496461 /* SearchBar.swift in Sources */ = {isa = PBXBuildFile; fileRef = E8F0E65D2BE2937800496461 /* SearchBar.swift */; };
		E8F0E6612BE2959300496461 /* Alerts.swift in Sources */ = {isa = PBXBuildFile; fileRef = E8F0E6602BE2959300496461 /* Alerts.swift */; };
/* End PBXBuildFile section */

/* Begin PBXFileReference section */
		E8BB02B62BE045DA00C9AF68 /* SplitEnums.swift */ = {isa = PBXFileReference; lastKnownFileType = sourcecode.swift; path = SplitEnums.swift; sourceTree = "<group>"; };
		E8BB02B82BE045FF00C9AF68 /* SplitHolders.swift */ = {isa = PBXFileReference; lastKnownFileType = sourcecode.swift; path = SplitHolders.swift; sourceTree = "<group>"; };
		E8BB02BA2BE0461F00C9AF68 /* SplitStyling.swift */ = {isa = PBXFileReference; lastKnownFileType = sourcecode.swift; path = SplitStyling.swift; sourceTree = "<group>"; };
		E8BB02BC2BE0463F00C9AF68 /* Splitter.swift */ = {isa = PBXFileReference; lastKnownFileType = sourcecode.swift; path = Splitter.swift; sourceTree = "<group>"; };
		E8BB02BE2BE0465F00C9AF68 /* Splitter+Extensions.swift */ = {isa = PBXFileReference; lastKnownFileType = sourcecode.swift; path = "Splitter+Extensions.swift"; sourceTree = "<group>"; };
		E8BB02C02BE0467D00C9AF68 /* SplitViewModifiers.swift */ = {isa = PBXFileReference; lastKnownFileType = sourcecode.swift; path = SplitViewModifiers.swift; sourceTree = "<group>"; };
		E8BB02C22BE0469400C9AF68 /* VSplit.swift */ = {isa = PBXFileReference; lastKnownFileType = sourcecode.swift; path = VSplit.swift; sourceTree = "<group>"; };
		E8D357AB2BE01E6A00B6F5F7 /* HSplit.swift */ = {isa = PBXFileReference; lastKnownFileType = sourcecode.swift; path = HSplit.swift; sourceTree = "<group>"; };
		E8D357AD2BE01E9100B6F5F7 /* Split.swift */ = {isa = PBXFileReference; lastKnownFileType = sourcecode.swift; path = Split.swift; sourceTree = "<group>"; };
		E8D357AF2BE01EB200B6F5F7 /* SplitConstraints.swift */ = {isa = PBXFileReference; lastKnownFileType = sourcecode.swift; path = SplitConstraints.swift; sourceTree = "<group>"; };
		E8D65DD62BE3DD610077585C /* OutlinerFile.framework */ = {isa = PBXFileReference; explicitFileType = wrapper.framework; path = OutlinerFile.framework; sourceTree = BUILT_PRODUCTS_DIR; };
		E8DFDB9A2BDFEDF500D5FD44 /* OutlinerViews.framework */ = {isa = PBXFileReference; explicitFileType = wrapper.framework; includeInIndex = 0; path = OutlinerViews.framework; sourceTree = BUILT_PRODUCTS_DIR; };
		E8DFDB9D2BDFEDF500D5FD44 /* OutlinerViews.h */ = {isa = PBXFileReference; lastKnownFileType = sourcecode.c.h; path = OutlinerViews.h; sourceTree = "<group>"; };
		E8DFDB9E2BDFEDF500D5FD44 /* OutlinerViews.docc */ = {isa = PBXFileReference; lastKnownFileType = folder.documentationcatalog; path = OutlinerViews.docc; sourceTree = "<group>"; };
		E8DFDBAC2BDFEE6900D5FD44 /* PopupNotificationCentre.swift */ = {isa = PBXFileReference; lastKnownFileType = sourcecode.swift; path = PopupNotificationCentre.swift; sourceTree = "<group>"; };
		E8DFDBAE2BDFEE7C00D5FD44 /* BHBezelNotification.swift */ = {isa = PBXFileReference; lastKnownFileType = sourcecode.swift; path = BHBezelNotification.swift; sourceTree = "<group>"; };
		E8F0E6522BE290A900496461 /* HTMLView.swift */ = {isa = PBXFileReference; lastKnownFileType = sourcecode.swift; path = HTMLView.swift; sourceTree = "<group>"; };
		E8F0E6542BE291EA00496461 /* HilightedTextView.swift */ = {isa = PBXFileReference; lastKnownFileType = sourcecode.swift; path = HilightedTextView.swift; sourceTree = "<group>"; };
		E8F0E6572BE2923300496461 /* StringProtocol+Extension.swift */ = {isa = PBXFileReference; lastKnownFileType = sourcecode.swift; path = "StringProtocol+Extension.swift"; sourceTree = "<group>"; };
		E8F0E65A2BE292F300496461 /* HostingWindowFinder.swift */ = {isa = PBXFileReference; lastKnownFileType = sourcecode.swift; path = HostingWindowFinder.swift; sourceTree = "<group>"; };
		E8F0E65D2BE2937800496461 /* SearchBar.swift */ = {isa = PBXFileReference; lastKnownFileType = sourcecode.swift; path = SearchBar.swift; sourceTree = "<group>"; };
		E8F0E6602BE2959300496461 /* Alerts.swift */ = {isa = PBXFileReference; lastKnownFileType = sourcecode.swift; path = Alerts.swift; sourceTree = "<group>"; };
/* End PBXFileReference section */

/* Begin PBXFrameworksBuildPhase section */
		E8DFDB972BDFEDF500D5FD44 /* Frameworks */ = {
			isa = PBXFrameworksBuildPhase;
			buildActionMask = 2147483647;
			files = (
			);
			runOnlyForDeploymentPostprocessing = 0;
		};
/* End PBXFrameworksBuildPhase section */

/* Begin PBXGroup section */
		E8580BFD2BDFF3CD00EA4DCE /* Splitter */ = {
			isa = PBXGroup;
			children = (
				E8D357AB2BE01E6A00B6F5F7 /* HSplit.swift */,
				E8D357AD2BE01E9100B6F5F7 /* Split.swift */,
				E8D357AF2BE01EB200B6F5F7 /* SplitConstraints.swift */,
				E8BB02B62BE045DA00C9AF68 /* SplitEnums.swift */,
				E8BB02B82BE045FF00C9AF68 /* SplitHolders.swift */,
				E8BB02BA2BE0461F00C9AF68 /* SplitStyling.swift */,
				E8BB02BC2BE0463F00C9AF68 /* Splitter.swift */,
				E8BB02BE2BE0465F00C9AF68 /* Splitter+Extensions.swift */,
				E8BB02C02BE0467D00C9AF68 /* SplitViewModifiers.swift */,
				E8BB02C22BE0469400C9AF68 /* VSplit.swift */,
			);
			path = Splitter;
			sourceTree = "<group>";
		};
		E8D65DD52BE3DD610077585C /* Frameworks */ = {
			isa = PBXGroup;
			children = (
				E8D65DD62BE3DD610077585C /* OutlinerFile.framework */,
			);
			name = Frameworks;
			sourceTree = "<group>";
		};
		E8DFDB902BDFEDF400D5FD44 = {
			isa = PBXGroup;
			children = (
				E8DFDB9C2BDFEDF500D5FD44 /* OutlinerViews */,
				E8DFDB9B2BDFEDF500D5FD44 /* Products */,
				E8D65DD52BE3DD610077585C /* Frameworks */,
			);
			sourceTree = "<group>";
		};
		E8DFDB9B2BDFEDF500D5FD44 /* Products */ = {
			isa = PBXGroup;
			children = (
				E8DFDB9A2BDFEDF500D5FD44 /* OutlinerViews.framework */,
			);
			name = Products;
			sourceTree = "<group>";
		};
		E8DFDB9C2BDFEDF500D5FD44 /* OutlinerViews */ = {
			isa = PBXGroup;
			children = (
				E8F0E65F2BE2958700496461 /* Alerts */,
				E8F0E65C2BE2936700496461 /* SearchBar */,
				E8F0E6592BE292E700496461 /* HostingWindowFinder */,
				E8F0E6562BE291F100496461 /* HilightedTextView */,
				E8F0E6512BE2909800496461 /* HTMLView */,
				E8DFDBB02BDFEE8400D5FD44 /* PopupAlerts */,
				E8580BFD2BDFF3CD00EA4DCE /* Splitter */,
				E8DFDB9D2BDFEDF500D5FD44 /* OutlinerViews.h */,
				E8DFDB9E2BDFEDF500D5FD44 /* OutlinerViews.docc */,
			);
			path = OutlinerViews;
			sourceTree = "<group>";
		};
		E8DFDBB02BDFEE8400D5FD44 /* PopupAlerts */ = {
			isa = PBXGroup;
			children = (
				E8DFDBAC2BDFEE6900D5FD44 /* PopupNotificationCentre.swift */,
				E8DFDBAE2BDFEE7C00D5FD44 /* BHBezelNotification.swift */,
			);
			path = PopupAlerts;
			sourceTree = "<group>";
		};
		E8F0E6512BE2909800496461 /* HTMLView */ = {
			isa = PBXGroup;
			children = (
				E8F0E6522BE290A900496461 /* HTMLView.swift */,
			);
			path = HTMLView;
			sourceTree = "<group>";
		};
		E8F0E6562BE291F100496461 /* HilightedTextView */ = {
			isa = PBXGroup;
			children = (
				E8F0E6542BE291EA00496461 /* HilightedTextView.swift */,
				E8F0E6572BE2923300496461 /* StringProtocol+Extension.swift */,
			);
			path = HilightedTextView;
			sourceTree = "<group>";
		};
		E8F0E6592BE292E700496461 /* HostingWindowFinder */ = {
			isa = PBXGroup;
			children = (
				E8F0E65A2BE292F300496461 /* HostingWindowFinder.swift */,
			);
			path = HostingWindowFinder;
			sourceTree = "<group>";
		};
		E8F0E65C2BE2936700496461 /* SearchBar */ = {
			isa = PBXGroup;
			children = (
				E8F0E65D2BE2937800496461 /* SearchBar.swift */,
			);
			path = SearchBar;
			sourceTree = "<group>";
		};
		E8F0E65F2BE2958700496461 /* Alerts */ = {
			isa = PBXGroup;
			children = (
				E8F0E6602BE2959300496461 /* Alerts.swift */,
			);
			path = Alerts;
			sourceTree = "<group>";
		};
/* End PBXGroup section */

/* Begin PBXHeadersBuildPhase section */
		E8DFDB952BDFEDF500D5FD44 /* Headers */ = {
			isa = PBXHeadersBuildPhase;
			buildActionMask = 2147483647;
			files = (
				E8DFDBA02BDFEDF500D5FD44 /* OutlinerViews.h in Headers */,
			);
			runOnlyForDeploymentPostprocessing = 0;
		};
/* End PBXHeadersBuildPhase section */

/* Begin PBXNativeTarget section */
		E8DFDB992BDFEDF500D5FD44 /* OutlinerViews */ = {
			isa = PBXNativeTarget;
			buildConfigurationList = E8DFDBA32BDFEDF500D5FD44 /* Build configuration list for PBXNativeTarget "OutlinerViews" */;
			buildPhases = (
				E8DFDB952BDFEDF500D5FD44 /* Headers */,
				E8DFDB962BDFEDF500D5FD44 /* Sources */,
				E8DFDB972BDFEDF500D5FD44 /* Frameworks */,
				E8DFDB982BDFEDF500D5FD44 /* Resources */,
			);
			buildRules = (
			);
			dependencies = (
			);
			name = OutlinerViews;
			productName = OutlinerViews;
			productReference = E8DFDB9A2BDFEDF500D5FD44 /* OutlinerViews.framework */;
			productType = "com.apple.product-type.framework";
		};
/* End PBXNativeTarget section */

/* Begin PBXProject section */
		E8DFDB912BDFEDF400D5FD44 /* Project object */ = {
			isa = PBXProject;
			attributes = {
				BuildIndependentTargetsInParallel = 1;
				LastUpgradeCheck = 1530;
				TargetAttributes = {
					E8DFDB992BDFEDF500D5FD44 = {
						CreatedOnToolsVersion = 15.3;
					};
				};
			};
			buildConfigurationList = E8DFDB942BDFEDF400D5FD44 /* Build configuration list for PBXProject "OutlinerViews" */;
			compatibilityVersion = "Xcode 14.0";
			developmentRegion = en;
			hasScannedForEncodings = 0;
			knownRegions = (
				en,
				Base,
			);
			mainGroup = E8DFDB902BDFEDF400D5FD44;
			productRefGroup = E8DFDB9B2BDFEDF500D5FD44 /* Products */;
			projectDirPath = "";
			projectRoot = "";
			targets = (
				E8DFDB992BDFEDF500D5FD44 /* OutlinerViews */,
			);
		};
/* End PBXProject section */

/* Begin PBXResourcesBuildPhase section */
		E8DFDB982BDFEDF500D5FD44 /* Resources */ = {
			isa = PBXResourcesBuildPhase;
			buildActionMask = 2147483647;
			files = (
			);
			runOnlyForDeploymentPostprocessing = 0;
		};
/* End PBXResourcesBuildPhase section */

/* Begin PBXSourcesBuildPhase section */
		E8DFDB962BDFEDF500D5FD44 /* Sources */ = {
			isa = PBXSourcesBuildPhase;
			buildActionMask = 2147483647;
			files = (
				E8DFDB9F2BDFEDF500D5FD44 /* OutlinerViews.docc in Sources */,
				E8F0E6612BE2959300496461 /* Alerts.swift in Sources */,
				E8BB02C32BE0469400C9AF68 /* VSplit.swift in Sources */,
				E8BB02BB2BE0461F00C9AF68 /* SplitStyling.swift in Sources */,
				E8F0E6532BE290A900496461 /* HTMLView.swift in Sources */,
				E8BB02BF2BE0465F00C9AF68 /* Splitter+Extensions.swift in Sources */,
				E8F0E65E2BE2937800496461 /* SearchBar.swift in Sources */,
				E8DFDBAF2BDFEE7C00D5FD44 /* BHBezelNotification.swift in Sources */,
				E8F0E6552BE291EA00496461 /* HilightedTextView.swift in Sources */,
				E8BB02C12BE0467D00C9AF68 /* SplitViewModifiers.swift in Sources */,
				E8BB02B92BE045FF00C9AF68 /* SplitHolders.swift in Sources */,
				E8BB02BD2BE0463F00C9AF68 /* Splitter.swift in Sources */,
				E8F0E6582BE2923300496461 /* StringProtocol+Extension.swift in Sources */,
				E8BB02B72BE045DA00C9AF68 /* SplitEnums.swift in Sources */,
				E8DFDBAD2BDFEE6900D5FD44 /* PopupNotificationCentre.swift in Sources */,
				E8D357AC2BE01E6A00B6F5F7 /* HSplit.swift in Sources */,
				E8D357AE2BE01E9100B6F5F7 /* Split.swift in Sources */,
				E8F0E65B2BE292F300496461 /* HostingWindowFinder.swift in Sources */,
				E8D357B02BE01EB200B6F5F7 /* SplitConstraints.swift in Sources */,
			);
			runOnlyForDeploymentPostprocessing = 0;
		};
/* End PBXSourcesBuildPhase section */

/* Begin XCBuildConfiguration section */
		E8DFDBA12BDFEDF500D5FD44 /* Debug */ = {
			isa = XCBuildConfiguration;
			buildSettings = {
				ALWAYS_SEARCH_USER_PATHS = NO;
				ASSETCATALOG_COMPILER_GENERATE_SWIFT_ASSET_SYMBOL_EXTENSIONS = YES;
				CLANG_ANALYZER_NONNULL = YES;
				CLANG_ANALYZER_NUMBER_OBJECT_CONVERSION = YES_AGGRESSIVE;
				CLANG_CXX_LANGUAGE_STANDARD = "gnu++20";
				CLANG_ENABLE_MODULES = YES;
				CLANG_ENABLE_OBJC_ARC = YES;
				CLANG_ENABLE_OBJC_WEAK = YES;
				CLANG_WARN_BLOCK_CAPTURE_AUTORELEASING = YES;
				CLANG_WARN_BOOL_CONVERSION = YES;
				CLANG_WARN_COMMA = YES;
				CLANG_WARN_CONSTANT_CONVERSION = YES;
				CLANG_WARN_DEPRECATED_OBJC_IMPLEMENTATIONS = YES;
				CLANG_WARN_DIRECT_OBJC_ISA_USAGE = YES_ERROR;
				CLANG_WARN_DOCUMENTATION_COMMENTS = YES;
				CLANG_WARN_EMPTY_BODY = YES;
				CLANG_WARN_ENUM_CONVERSION = YES;
				CLANG_WARN_INFINITE_RECURSION = YES;
				CLANG_WARN_INT_CONVERSION = YES;
				CLANG_WARN_NON_LITERAL_NULL_CONVERSION = YES;
				CLANG_WARN_OBJC_IMPLICIT_RETAIN_SELF = YES;
				CLANG_WARN_OBJC_LITERAL_CONVERSION = YES;
				CLANG_WARN_OBJC_ROOT_CLASS = YES_ERROR;
				CLANG_WARN_QUOTED_INCLUDE_IN_FRAMEWORK_HEADER = YES;
				CLANG_WARN_RANGE_LOOP_ANALYSIS = YES;
				CLANG_WARN_STRICT_PROTOTYPES = YES;
				CLANG_WARN_SUSPICIOUS_MOVE = YES;
				CLANG_WARN_UNGUARDED_AVAILABILITY = YES_AGGRESSIVE;
				CLANG_WARN_UNREACHABLE_CODE = YES;
				CLANG_WARN__DUPLICATE_METHOD_MATCH = YES;
				COPY_PHASE_STRIP = NO;
				CURRENT_PROJECT_VERSION = 1;
				DEBUG_INFORMATION_FORMAT = dwarf;
				ENABLE_STRICT_OBJC_MSGSEND = YES;
				ENABLE_TESTABILITY = YES;
				ENABLE_USER_SCRIPT_SANDBOXING = YES;
				GCC_C_LANGUAGE_STANDARD = gnu17;
				GCC_DYNAMIC_NO_PIC = NO;
				GCC_NO_COMMON_BLOCKS = YES;
				GCC_OPTIMIZATION_LEVEL = 0;
				GCC_PREPROCESSOR_DEFINITIONS = (
					"DEBUG=1",
					"$(inherited)",
				);
				GCC_WARN_64_TO_32_BIT_CONVERSION = YES;
				GCC_WARN_ABOUT_RETURN_TYPE = YES_ERROR;
				GCC_WARN_UNDECLARED_SELECTOR = YES;
				GCC_WARN_UNINITIALIZED_AUTOS = YES_AGGRESSIVE;
				GCC_WARN_UNUSED_FUNCTION = YES;
				GCC_WARN_UNUSED_VARIABLE = YES;
				LOCALIZATION_PREFERS_STRING_CATALOGS = YES;
				MACOSX_DEPLOYMENT_TARGET = 14.4;
				MTL_ENABLE_DEBUG_INFO = INCLUDE_SOURCE;
				MTL_FAST_MATH = YES;
				ONLY_ACTIVE_ARCH = YES;
				SDKROOT = macosx;
				SWIFT_ACTIVE_COMPILATION_CONDITIONS = "DEBUG $(inherited)";
				SWIFT_OPTIMIZATION_LEVEL = "-Onone";
				VERSIONING_SYSTEM = "apple-generic";
				VERSION_INFO_PREFIX = "";
			};
			name = Debug;
		};
		E8DFDBA22BDFEDF500D5FD44 /* Release */ = {
			isa = XCBuildConfiguration;
			buildSettings = {
				ALWAYS_SEARCH_USER_PATHS = NO;
				ASSETCATALOG_COMPILER_GENERATE_SWIFT_ASSET_SYMBOL_EXTENSIONS = YES;
				CLANG_ANALYZER_NONNULL = YES;
				CLANG_ANALYZER_NUMBER_OBJECT_CONVERSION = YES_AGGRESSIVE;
				CLANG_CXX_LANGUAGE_STANDARD = "gnu++20";
				CLANG_ENABLE_MODULES = YES;
				CLANG_ENABLE_OBJC_ARC = YES;
				CLANG_ENABLE_OBJC_WEAK = YES;
				CLANG_WARN_BLOCK_CAPTURE_AUTORELEASING = YES;
				CLANG_WARN_BOOL_CONVERSION = YES;
				CLANG_WARN_COMMA = YES;
				CLANG_WARN_CONSTANT_CONVERSION = YES;
				CLANG_WARN_DEPRECATED_OBJC_IMPLEMENTATIONS = YES;
				CLANG_WARN_DIRECT_OBJC_ISA_USAGE = YES_ERROR;
				CLANG_WARN_DOCUMENTATION_COMMENTS = YES;
				CLANG_WARN_EMPTY_BODY = YES;
				CLANG_WARN_ENUM_CONVERSION = YES;
				CLANG_WARN_INFINITE_RECURSION = YES;
				CLANG_WARN_INT_CONVERSION = YES;
				CLANG_WARN_NON_LITERAL_NULL_CONVERSION = YES;
				CLANG_WARN_OBJC_IMPLICIT_RETAIN_SELF = YES;
				CLANG_WARN_OBJC_LITERAL_CONVERSION = YES;
				CLANG_WARN_OBJC_ROOT_CLASS = YES_ERROR;
				CLANG_WARN_QUOTED_INCLUDE_IN_FRAMEWORK_HEADER = YES;
				CLANG_WARN_RANGE_LOOP_ANALYSIS = YES;
				CLANG_WARN_STRICT_PROTOTYPES = YES;
				CLANG_WARN_SUSPICIOUS_MOVE = YES;
				CLANG_WARN_UNGUARDED_AVAILABILITY = YES_AGGRESSIVE;
				CLANG_WARN_UNREACHABLE_CODE = YES;
				CLANG_WARN__DUPLICATE_METHOD_MATCH = YES;
				COPY_PHASE_STRIP = NO;
				CURRENT_PROJECT_VERSION = 1;
				DEBUG_INFORMATION_FORMAT = "dwarf-with-dsym";
				ENABLE_NS_ASSERTIONS = NO;
				ENABLE_STRICT_OBJC_MSGSEND = YES;
				ENABLE_USER_SCRIPT_SANDBOXING = YES;
				GCC_C_LANGUAGE_STANDARD = gnu17;
				GCC_NO_COMMON_BLOCKS = YES;
				GCC_WARN_64_TO_32_BIT_CONVERSION = YES;
				GCC_WARN_ABOUT_RETURN_TYPE = YES_ERROR;
				GCC_WARN_UNDECLARED_SELECTOR = YES;
				GCC_WARN_UNINITIALIZED_AUTOS = YES_AGGRESSIVE;
				GCC_WARN_UNUSED_FUNCTION = YES;
				GCC_WARN_UNUSED_VARIABLE = YES;
				LOCALIZATION_PREFERS_STRING_CATALOGS = YES;
				MACOSX_DEPLOYMENT_TARGET = 14.4;
				MTL_ENABLE_DEBUG_INFO = NO;
				MTL_FAST_MATH = YES;
				SDKROOT = macosx;
				SWIFT_COMPILATION_MODE = wholemodule;
				VERSIONING_SYSTEM = "apple-generic";
				VERSION_INFO_PREFIX = "";
			};
			name = Release;
		};
		E8DFDBA42BDFEDF500D5FD44 /* Debug */ = {
			isa = XCBuildConfiguration;
			buildSettings = {
				BUILD_LIBRARY_FOR_DISTRIBUTION = YES;
				CODE_SIGN_STYLE = Automatic;
				COMBINE_HIDPI_IMAGES = YES;
				CURRENT_PROJECT_VERSION = 1;
				DEFINES_MODULE = YES;
				DEVELOPMENT_TEAM = MH62Y8D74P;
				DYLIB_COMPATIBILITY_VERSION = 1;
				DYLIB_CURRENT_VERSION = 1;
				DYLIB_INSTALL_NAME_BASE = "@rpath";
				ENABLE_MODULE_VERIFIER = YES;
				GENERATE_INFOPLIST_FILE = YES;
				INFOPLIST_KEY_NSHumanReadableCopyright = "";
				INSTALL_PATH = "$(LOCAL_LIBRARY_DIR)/Frameworks";
				LD_RUNPATH_SEARCH_PATHS = (
					"$(inherited)",
					"@executable_path/../Frameworks",
					"@loader_path/Frameworks",
				);
				MACOSX_DEPLOYMENT_TARGET = 14.0;
				MARKETING_VERSION = 1.0;
				MODULE_VERIFIER_SUPPORTED_LANGUAGES = "objective-c objective-c++";
				MODULE_VERIFIER_SUPPORTED_LANGUAGE_STANDARDS = "gnu17 gnu++20";
				PRODUCT_BUNDLE_IDENTIFIER = uk.co.sabarnett.OutlinerViews;
				PRODUCT_NAME = "$(TARGET_NAME:c99extidentifier)";
				SKIP_INSTALL = YES;
				SWIFT_EMIT_LOC_STRINGS = YES;
				SWIFT_INSTALL_OBJC_HEADER = NO;
				SWIFT_VERSION = 5.0;
			};
			name = Debug;
		};
		E8DFDBA52BDFEDF500D5FD44 /* Release */ = {
			isa = XCBuildConfiguration;
			buildSettings = {
				BUILD_LIBRARY_FOR_DISTRIBUTION = YES;
				CODE_SIGN_STYLE = Automatic;
				COMBINE_HIDPI_IMAGES = YES;
				CURRENT_PROJECT_VERSION = 1;
				DEFINES_MODULE = YES;
				DEVELOPMENT_TEAM = MH62Y8D74P;
				DYLIB_COMPATIBILITY_VERSION = 1;
				DYLIB_CURRENT_VERSION = 1;
				DYLIB_INSTALL_NAME_BASE = "@rpath";
				ENABLE_MODULE_VERIFIER = YES;
				GENERATE_INFOPLIST_FILE = YES;
				INFOPLIST_KEY_NSHumanReadableCopyright = "";
				INSTALL_PATH = "$(LOCAL_LIBRARY_DIR)/Frameworks";
				LD_RUNPATH_SEARCH_PATHS = (
					"$(inherited)",
					"@executable_path/../Frameworks",
					"@loader_path/Frameworks",
				);
				MACOSX_DEPLOYMENT_TARGET = 14.0;
				MARKETING_VERSION = 1.0;
				MODULE_VERIFIER_SUPPORTED_LANGUAGES = "objective-c objective-c++";
				MODULE_VERIFIER_SUPPORTED_LANGUAGE_STANDARDS = "gnu17 gnu++20";
				PRODUCT_BUNDLE_IDENTIFIER = uk.co.sabarnett.OutlinerViews;
				PRODUCT_NAME = "$(TARGET_NAME:c99extidentifier)";
				SKIP_INSTALL = YES;
				SWIFT_EMIT_LOC_STRINGS = YES;
				SWIFT_INSTALL_OBJC_HEADER = NO;
				SWIFT_VERSION = 5.0;
			};
			name = Release;
		};
/* End XCBuildConfiguration section */

/* Begin XCConfigurationList section */
		E8DFDB942BDFEDF400D5FD44 /* Build configuration list for PBXProject "OutlinerViews" */ = {
			isa = XCConfigurationList;
			buildConfigurations = (
				E8DFDBA12BDFEDF500D5FD44 /* Debug */,
				E8DFDBA22BDFEDF500D5FD44 /* Release */,
			);
			defaultConfigurationIsVisible = 0;
			defaultConfigurationName = Release;
		};
		E8DFDBA32BDFEDF500D5FD44 /* Build configuration list for PBXNativeTarget "OutlinerViews" */ = {
			isa = XCConfigurationList;
			buildConfigurations = (
				E8DFDBA42BDFEDF500D5FD44 /* Debug */,
				E8DFDBA52BDFEDF500D5FD44 /* Release */,
			);
			defaultConfigurationIsVisible = 0;
			defaultConfigurationName = Release;
		};
/* End XCConfigurationList section */
	};
	rootObject = E8DFDB912BDFEDF400D5FD44 /* Project object */;
}
